
Microsoft Visual Studio Solution File, Format Version 12.00
# Visual Studio 2013
VisualStudioVersion = 12.0.31101.0
MinimumVisualStudioVersion = 10.0.40219.1
Project("{FAE04EC0-301F-11D3-BF4B-00C04F79EFBC}") = "searchDB_CS", "searchDB_CS\searchDB_CS.csproj", "{00330AD8-7DB0-4A90-B477-0BB6730B652B}"
EndProject
Project("{FAE04EC0-301F-11D3-BF4B-00C04F79EFBC}") = "searchDB_CS_RT_Split", "searchDB_CS_RT_Split\searchDB_CS_RT_Split.csproj", "{69CB3AA6-6B3E-4A9E-85F7-9A1DC9EE661D}"
EndProject
Global
	GlobalSection(SolutionConfigurationPlatforms) = preSolution
		Debug|Any CPU = Debug|Any CPU
		Debug|ARM = Debug|ARM
		Debug|x64 = Debug|x64
		Debug|x86 = Debug|x86
		Release|Any CPU = Release|Any CPU
		Release|ARM = Release|ARM
		Release|x64 = Release|x64
		Release|x86 = Release|x86
	EndGlobalSection
	GlobalSection(ProjectConfigurationPlatforms) = postSolution
		{00330AD8-7DB0-4A90-B477-0BB6730B652B}.Debug|Any CPU.ActiveCfg = Debug|Any CPU
		{00330AD8-7DB0-4A90-B477-0BB6730B652B}.Debug|Any CPU.Build.0 = Debug|Any CPU
		{00330AD8-7DB0-4A90-B477-0BB6730B652B}.Debug|ARM.ActiveCfg = Debug|Any CPU
		{00330AD8-7DB0-4A90-B477-0BB6730B652B}.Debug|x64.ActiveCfg = Debug|Any CPU
		{00330AD8-7DB0-4A90-B477-0BB6730B652B}.Debug|x86.ActiveCfg = Debug|Any CPU
		{00330AD8-7DB0-4A90-B477-0BB6730B652B}.Release|Any CPU.ActiveCfg = Release|Any CPU
		{00330AD8-7DB0-4A90-B477-0BB6730B652B}.Release|Any CPU.Build.0 = Release|Any CPU
		{00330AD8-7DB0-4A90-B477-0BB6730B652B}.Release|ARM.ActiveCfg = Release|Any CPU
		{00330AD8-7DB0-4A90-B477-0BB6730B652B}.Release|x64.ActiveCfg = Release|Any CPU
		{00330AD8-7DB0-4A90-B477-0BB6730B652B}.Release|x86.ActiveCfg = Release|Any CPU
		{69CB3AA6-6B3E-4A9E-85F7-9A1DC9EE661D}.Debug|Any CPU.ActiveCfg = Debug|Any CPU
		{69CB3AA6-6B3E-4A9E-85F7-9A1DC9EE661D}.Debug|Any CPU.Build.0 = Debug|Any CPU
		{69CB3AA6-6B3E-4A9E-85F7-9A1DC9EE661D}.Debug|Any CPU.Deploy.0 = Debug|Any CPU
		{69CB3AA6-6B3E-4A9E-85F7-9A1DC9EE661D}.Debug|ARM.ActiveCfg = Debug|ARM
		{69CB3AA6-6B3E-4A9E-85F7-9A1DC9EE661D}.Debug|ARM.Build.0 = Debug|ARM
		{69CB3AA6-6B3E-4A9E-85F7-9A1DC9EE661D}.Debug|ARM.Deploy.0 = Debug|ARM
		{69CB3AA6-6B3E-4A9E-85F7-9A1DC9EE661D}.Debug|x64.ActiveCfg = Debug|x64
		{69CB3AA6-6B3E-4A9E-85F7-9A1DC9EE661D}.Debug|x64.Build.0 = Debug|x64
		{69CB3AA6-6B3E-4A9E-85F7-9A1DC9EE661D}.Debug|x64.Deploy.0 = Debug|x64
		{69CB3AA6-6B3E-4A9E-85F7-9A1DC9EE661D}.Debug|x86.ActiveCfg = Debug|x86
		{69CB3AA6-6B3E-4A9E-85F7-9A1DC9EE661D}.Debug|x86.Build.0 = Debug|x86
		{69CB3AA6-6B3E-4A9E-85F7-9A1DC9EE661D}.Debug|x86.Deploy.0 = Debug|x86
		{69CB3AA6-6B3E-4A9E-85F7-9A1DC9EE661D}.Release|Any CPU.ActiveCfg = Release|Any CPU
		{69CB3AA6-6B3E-4A9E-85F7-9A1DC9EE661D}.Release|Any CPU.Build.0 = Release|Any CPU
		{69CB3AA6-6B3E-4A9E-85F7-9A1DC9EE661D}.Release|Any CPU.Deploy.0 = Release|Any CPU
		{69CB3AA6-6B3E-4A9E-85F7-9A1DC9EE661D}.Release|ARM.ActiveCfg = Release|ARM
		{69CB3AA6-6B3E-4A9E-85F7-9A1DC9EE661D}.Release|ARM.Build.0 = Release|ARM
		{69CB3AA6-6B3E-4A9E-85F7-9A1DC9EE661D}.Release|ARM.Deploy.0 = Release|ARM
		{69CB3AA6-6B3E-4A9E-85F7-9A1DC9EE661D}.Release|x64.ActiveCfg = Release|x64
		{69CB3AA6-6B3E-4A9E-85F7-9A1DC9EE661D}.Release|x64.Build.0 = Release|x64
		{69CB3AA6-6B3E-4A9E-85F7-9A1DC9EE661D}.Release|x64.Deploy.0 = Release|x64
		{69CB3AA6-6B3E-4A9E-85F7-9A1DC9EE661D}.Release|x86.ActiveCfg = Release|x86
		{69CB3AA6-6B3E-4A9E-85F7-9A1DC9EE661D}.Release|x86.Build.0 = Release|x86
		{69CB3AA6-6B3E-4A9E-85F7-9A1DC9EE661D}.Release|x86.Deploy.0 = Release|x86
	EndGlobalSection
	GlobalSection(SolutionProperties) = preSolution
		HideSolutionNode = FALSE
	EndGlobalSection
EndGlobal
